// !$*UTF8*$!
{
	archiveVersion = 1;
	classes = {
	};
	objectVersion = 46;
	objects = {

/* Begin PBXBuildFile section */
		CA7904031D20C5F600683AF9 /* AppDelegate.swift in Sources */ = {isa = PBXBuildFile; fileRef = CA7904021D20C5F600683AF9 /* AppDelegate.swift */; };
		CA7904051D20C5F600683AF9 /* ViewController.swift in Sources */ = {isa = PBXBuildFile; fileRef = CA7904041D20C5F600683AF9 /* ViewController.swift */; };
		CA7904081D20C5F600683AF9 /* Main.storyboard in Resources */ = {isa = PBXBuildFile; fileRef = CA7904061D20C5F600683AF9 /* Main.storyboard */; };
		CA79040A1D20C5F600683AF9 /* Assets.xcassets in Resources */ = {isa = PBXBuildFile; fileRef = CA7904091D20C5F600683AF9 /* Assets.xcassets */; };
		CA79040D1D20C5F600683AF9 /* LaunchScreen.storyboard in Resources */ = {isa = PBXBuildFile; fileRef = CA79040B1D20C5F600683AF9 /* LaunchScreen.storyboard */; };
		CA7904151D20C61700683AF9 /* MultiColumnTableView.swift in Sources */ = {isa = PBXBuildFile; fileRef = CA7904141D20C61700683AF9 /* MultiColumnTableView.swift */; };
/* End PBXBuildFile section */

/* Begin PBXFileReference section */
		CA7903FF1D20C5F600683AF9 /* MultiColumnTableView.app */ = {isa = PBXFileReference; explicitFileType = wrapper.application; includeInIndex = 0; path = MultiColumnTableView.app; sourceTree = BUILT_PRODUCTS_DIR; };
		CA7904021D20C5F600683AF9 /* AppDelegate.swift */ = {isa = PBXFileReference; lastKnownFileType = sourcecode.swift; path = AppDelegate.swift; sourceTree = "<group>"; };
		CA7904041D20C5F600683AF9 /* ViewController.swift */ = {isa = PBXFileReference; lastKnownFileType = sourcecode.swift; path = ViewController.swift; sourceTree = "<group>"; };
		CA7904071D20C5F600683AF9 /* Base */ = {isa = PBXFileReference; lastKnownFileType = file.storyboard; name = Base; path = Base.lproj/Main.storyboard; sourceTree = "<group>"; };
		CA7904091D20C5F600683AF9 /* Assets.xcassets */ = {isa = PBXFileReference; lastKnownFileType = folder.assetcatalog; path = Assets.xcassets; sourceTree = "<group>"; };
		CA79040C1D20C5F600683AF9 /* Base */ = {isa = PBXFileReference; lastKnownFileType = file.storyboard; name = Base; path = Base.lproj/LaunchScreen.storyboard; sourceTree = "<group>"; };
		CA79040E1D20C5F600683AF9 /* Info.plist */ = {isa = PBXFileReference; lastKnownFileType = text.plist.xml; path = Info.plist; sourceTree = "<group>"; };
		CA7904141D20C61700683AF9 /* MultiColumnTableView.swift */ = {isa = PBXFileReference; fileEncoding = 4; lastKnownFileType = sourcecode.swift; path = MultiColumnTableView.swift; sourceTree = "<group>"; };
/* End PBXFileReference section */

/* Begin PBXFrameworksBuildPhase section */
		CA7903FC1D20C5F600683AF9 /* Frameworks */ = {
			isa = PBXFrameworksBuildPhase;
			buildActionMask = 2147483647;
			files = (
			);
			runOnlyForDeploymentPostprocessing = 0;
		};
/* End PBXFrameworksBuildPhase section */

/* Begin PBXGroup section */
		CA7903F61D20C5F600683AF9 = {
			isa = PBXGroup;
			children = (
				CA7904011D20C5F600683AF9 /* MultiColumnTableView */,
				CA7904001D20C5F600683AF9 /* Products */,
			);
			sourceTree = "<group>";
		};
		CA7904001D20C5F600683AF9 /* Products */ = {
			isa = PBXGroup;
			children = (
				CA7903FF1D20C5F600683AF9 /* MultiColumnTableView.app */,
			);
			name = Products;
			sourceTree = "<group>";
		};
		CA7904011D20C5F600683AF9 /* MultiColumnTableView */ = {
			isa = PBXGroup;
			children = (
				CA7904021D20C5F600683AF9 /* AppDelegate.swift */,
				CA7904041D20C5F600683AF9 /* ViewController.swift */,
				CA7904141D20C61700683AF9 /* MultiColumnTableView.swift */,
				CA7904061D20C5F600683AF9 /* Main.storyboard */,
				CA7904091D20C5F600683AF9 /* Assets.xcassets */,
				CA79040B1D20C5F600683AF9 /* LaunchScreen.storyboard */,
				CA79040E1D20C5F600683AF9 /* Info.plist */,
			);
			path = MultiColumnTableView;
			sourceTree = "<group>";
		};
/* End PBXGroup section */

/* Begin PBXNativeTarget section */
		CA7903FE1D20C5F600683AF9 /* MultiColumnTableView */ = {
			isa = PBXNativeTarget;
			buildConfigurationList = CA7904111D20C5F600683AF9 /* Build configuration list for PBXNativeTarget "MultiColumnTableView" */;
			buildPhases = (
				CA7903FB1D20C5F600683AF9 /* Sources */,
				CA7903FC1D20C5F600683AF9 /* Frameworks */,
				CA7903FD1D20C5F600683AF9 /* Resources */,
			);
			buildRules = (
			);
			dependencies = (
			);
			name = MultiColumnTableView;
			productName = MultiColumnTableView;
			productReference = CA7903FF1D20C5F600683AF9 /* MultiColumnTableView.app */;
			productType = "com.apple.product-type.application";
		};
/* End PBXNativeTarget section */

/* Begin PBXProject section */
		CA7903F71D20C5F600683AF9 /* Project object */ = {
			isa = PBXProject;
			attributes = {
				LastSwiftUpdateCheck = 0730;
				LastUpgradeCheck = 0730;
				ORGANIZATIONNAME = Alix.Kang;
				TargetAttributes = {
					CA7903FE1D20C5F600683AF9 = {
						CreatedOnToolsVersion = 7.3.1;
						DevelopmentTeam = 455YAV98VU;
					};
				};
			};
			buildConfigurationList = CA7903FA1D20C5F600683AF9 /* Build configuration list for PBXProject "MultiColumnTableView" */;
			compatibilityVersion = "Xcode 3.2";
			developmentRegion = English;
			hasScannedForEncodings = 0;
			knownRegions = (
				en,
				Base,
			);
			mainGroup = CA7903F61D20C5F600683AF9;
			productRefGroup = CA7904001D20C5F600683AF9 /* Products */;
			projectDirPath = "";
			projectRoot = "";
			targets = (
				CA7903FE1D20C5F600683AF9 /* MultiColumnTableView */,
			);
		};
/* End PBXProject section */

/* Begin PBXResourcesBuildPhase section */
		CA7903FD1D20C5F600683AF9 /* Resources */ = {
			isa = PBXResourcesBuildPhase;
			buildActionMask = 2147483647;
			files = (
				CA79040D1D20C5F600683AF9 /* LaunchScreen.storyboard in Resources */,
				CA79040A1D20C5F600683AF9 /* Assets.xcassets in Resources */,
				CA7904081D20C5F600683AF9 /* Main.storyboard in Resources */,
			);
			runOnlyForDeploymentPostprocessing = 0;
		};
/* End PBXResourcesBuildPhase section */

/* Begin PBXSourcesBuildPhase section */
		CA7903FB1D20C5F600683AF9 /* Sources */ = {
			isa = PBXSourcesBuildPhase;
			buildActionMask = 2147483647;
			files = (
				CA7904051D20C5F600683AF9 /* ViewController.swift in Sources */,
				CA7904031D20C5F600683AF9 /* AppDelegate.swift in Sources */,
				CA7904151D20C61700683AF9 /* MultiColumnTableView.swift in Sources */,
			);
			runOnlyForDeploymentPostprocessing = 0;
		};
/* End PBXSourcesBuildPhase section */

/* Begin PBXVariantGroup section */
		CA7904061D20C5F600683AF9 /* Main.storyboard */ = {
			isa = PBXVariantGroup;
			children = (
				CA7904071D20C5F600683AF9 /* Base */,
			);
			name = Main.storyboard;
			sourceTree = "<group>";
		};
		CA79040B1D20C5F600683AF9 /* LaunchScreen.storyboard */ = {
			isa = PBXVariantGroup;
			children = (
				CA79040C1D20C5F600683AF9 /* Base */,
			);
			name = LaunchScreen.storyboard;
			sourceTree = "<group>";
		};
/* End PBXVariantGroup section */

/* Begin XCBuildConfiguration section */
		CA79040F1D20C5F600683AF9 /* Debug */ = {
			isa = XCBuildConfiguration;
			buildSettings = {
				ALWAYS_SEARCH_USER_PATHS = NO;
				CLANG_ANALYZER_NONNULL = YES;
				CLANG_CXX_LANGUAGE_STANDARD = "gnu++0x";
				CLANG_CXX_LIBRARY = "libc++";
				CLANG_ENABLE_MODULES = YES;
				CLANG_ENABLE_OBJC_ARC = YES;
				CLANG_WARN_BOOL_CONVERSION = YES;
				CLANG_WARN_CONSTANT_CONVERSION = YES;
				CLANG_WARN_DIRECT_OBJC_ISA_USAGE = YES_ERROR;
				CLANG_WARN_EMPTY_BODY = YES;
				CLANG_WARN_ENUM_CONVERSION = YES;
				CLANG_WARN_INT_CONVERSION = YES;
				CLANG_WARN_OBJC_ROOT_CLASS = YES_ERROR;
				CLANG_WARN_UNREACHABLE_CODE = YES;
				CLANG_WARN__DUPLICATE_METHOD_MATCH = YES;
				"CODE_SIGN_IDENTITY[sdk=iphoneos*]" = "iPhone Developer";
				COPY_PHASE_STRIP = NO;
				DEBUG_INFORMATION_FORMAT = dwarf;
				ENABLE_STRICT_OBJC_MSGSEND = YES;
				ENABLE_TESTABILITY = YES;
				GCC_C_LANGUAGE_STANDARD = gnu99;
				GCC_DYNAMIC_NO_PIC = NO;
				GCC_NO_COMMON_BLOCKS = YES;
				GCC_OPTIMIZATION_LEVEL = 0;
				GCC_PREPROCESSOR_DEFINITIONS = (
					"DEBUG=1",
					"$(inherited)",
				);
				GCC_WARN_64_TO_32_BIT_CONVERSION = YES;
				GCC_WARN_ABOUT_RETURN_TYPE = YES_ERROR;
				GCC_WARN_UNDECLARED_SELECTOR = YES;
				GCC_WARN_UNINITIALIZED_AUTOS = YES_AGGRESSIVE;
				GCC_WARN_UNUSED_FUNCTION = YES;
				GCC_WARN_UNUSED_VARIABLE = YES;
				IPHONEOS_DEPLOYMENT_TARGET = 9.3;
				MTL_ENABLE_DEBUG_INFO = YES;
				ONLY_ACTIVE_ARCH = YES;
				SDKROOT = iphoneos;
				SWIFT_OPTIMIZATION_LEVEL = "-Onone";
			};
			name = Debug;
		};
		CA7904101D20C5F600683AF9 /* Release */ = {
			isa = XCBuildConfiguration;
			buildSettings = {
				ALWAYS_SEARCH_USER_PATHS = NO;
				CLANG_ANALYZER_NONNULL = YES;
				CLANG_CXX_LANGUAGE_STANDARD = "gnu++0x";
				CLANG_CXX_LIBRARY = "libc++";
				CLANG_ENABLE_MODULES = YES;
				CLANG_ENABLE_OBJC_ARC = YES;
				CLANG_WARN_BOOL_CONVERSION = YES;
				CLANG_WARN_CONSTANT_CONVERSION = YES;
				CLANG_WARN_DIRECT_OBJC_ISA_USAGE = YES_ERROR;
				CLANG_WARN_EMPTY_BODY = YES;
				CLANG_WARN_ENUM_CONVERSION = YES;
				CLANG_WARN_INT_CONVERSION = YES;
				CLANG_WARN_OBJC_ROOT_CLASS = YES_ERROR;
				CLANG_WARN_UNREACHABLE_CODE = YES;
				CLANG_WARN__DUPLICATE_METHOD_MATCH = YES;
				"CODE_SIGN_IDENTITY[sdk=iphoneos*]" = "iPhone Developer";
				COPY_PHASE_STRIP = NO;
				DEBUG_INFORMATION_FORMAT = "dwarf-with-dsym";
				ENABLE_NS_ASSERTIONS = NO;
				ENABLE_STRICT_OBJC_MSGSEND = YES;
				GCC_C_LANGUAGE_STANDARD = gnu99;
				GCC_NO_COMMON_BLOCKS = YES;
				GCC_WARN_64_TO_32_BIT_CONVERSION = YES;
				GCC_WARN_ABOUT_RETURN_TYPE = YES_ERROR;
				GCC_WARN_UNDECLARED_SELECTOR = YES;
				GCC_WARN_UNINITIALIZED_AUTOS = YES_AGGRESSIVE;
				GCC_WARN_UNUSED_FUNCTION = YES;
				GCC_WARN_UNUSED_VARIABLE = YES;
				IPHONEOS_DEPLOYMENT_TARGET = 9.3;
				MTL_ENABLE_DEBUG_INFO = NO;
				SDKROOT = iphoneos;
				VALIDATE_PRODUCT = YES;
			};
			name = Release;
		};
		CA7904121D20C5F600683AF9 /* Debug */ = {
			isa = XCBuildConfiguration;
			buildSettings = {
				ASSETCATALOG_COMPILER_APPICON_NAME = AppIcon;
				INFOPLIST_FILE = MultiColumnTableView/Info.plist;
				LD_RUNPATH_SEARCH_PATHS = "$(inherited) @executable_path/Frameworks";
				PRODUCT_BUNDLE_IDENTIFIER = com.kgl.MultiColumnTableView;
				PRODUCT_NAME = "$(TARGET_NAME)";
			};
			name = Debug;
		};
		CA7904131D20C5F600683AF9 /* Release */ = {
			isa = XCBuildConfiguration;
			buildSettings = {
				ASSETCATALOG_COMPILER_APPICON_NAME = AppIcon;
				INFOPLIST_FILE = MultiColumnTableView/Info.plist;
				LD_RUNPATH_SEARCH_PATHS = "$(inherited) @executable_path/Frameworks";
				PRODUCT_BUNDLE_IDENTIFIER = com.kgl.MultiColumnTableView;
				PRODUCT_NAME = "$(TARGET_NAME)";
			};
			name = Release;
		};
/* End XCBuildConfiguration section */

/* Begin XCConfigurationList section */
		CA7903FA1D20C5F600683AF9 /* Build configuration list for PBXProject "MultiColumnTableView" */ = {
			isa = XCConfigurationList;
			buildConfigurations = (
				CA79040F1D20C5F600683AF9 /* Debug */,
				CA7904101D20C5F600683AF9 /* Release */,
			);
			defaultConfigurationIsVisible = 0;
			defaultConfigurationName = Release;
		};
		CA7904111D20C5F600683AF9 /* Build configuration list for PBXNativeTarget "MultiColumnTableView" */ = {
			isa = XCConfigurationList;
			buildConfigurations = (
				CA7904121D20C5F600683AF9 /* Debug */,
				CA7904131D20C5F600683AF9 /* Release */,
			);
			defaultConfigurationIsVisible = 0;
		};
/* End XCConfigurationList section */
	};
	rootObject = CA7903F71D20C5F600683AF9 /* Project object */;
}
